// !$*UTF8*$!
{
	archiveVersion = 1;
	classes = {
	};
	objectVersion = 56;
	objects = {

/* Begin PBXBuildFile section */
		D7F23F88298047110096316B /* AppDelegate.swift in Sources */ = {isa = PBXBuildFile; fileRef = D7F23F87298047110096316B /* AppDelegate.swift */; };
		D7F23F8A298047110096316B /* SceneDelegate.swift in Sources */ = {isa = PBXBuildFile; fileRef = D7F23F89298047110096316B /* SceneDelegate.swift */; };
		D7F23F8C298047110096316B /* ViewController.swift in Sources */ = {isa = PBXBuildFile; fileRef = D7F23F8B298047110096316B /* ViewController.swift */; };
		D7F23F8F298047110096316B /* Main.storyboard in Resources */ = {isa = PBXBuildFile; fileRef = D7F23F8D298047110096316B /* Main.storyboard */; };
		D7F23F91298047130096316B /* Assets.xcassets in Resources */ = {isa = PBXBuildFile; fileRef = D7F23F90298047130096316B /* Assets.xcassets */; };
		D7F23F94298047130096316B /* LaunchScreen.storyboard in Resources */ = {isa = PBXBuildFile; fileRef = D7F23F92298047130096316B /* LaunchScreen.storyboard */; };
		D7F23F9F298047130096316B /* CodeViewTests.swift in Sources */ = {isa = PBXBuildFile; fileRef = D7F23F9E298047130096316B /* CodeViewTests.swift */; };
		D7F23FA9298047140096316B /* CodeViewUITests.swift in Sources */ = {isa = PBXBuildFile; fileRef = D7F23FA8298047140096316B /* CodeViewUITests.swift */; };
		D7F23FAB298047140096316B /* CodeViewUITestsLaunchTests.swift in Sources */ = {isa = PBXBuildFile; fileRef = D7F23FAA298047140096316B /* CodeViewUITestsLaunchTests.swift */; };
/* End PBXBuildFile section */

/* Begin PBXContainerItemProxy section */
		D7F23F9B298047130096316B /* PBXContainerItemProxy */ = {
			isa = PBXContainerItemProxy;
			containerPortal = D7F23F7C298047110096316B /* Project object */;
			proxyType = 1;
			remoteGlobalIDString = D7F23F83298047110096316B;
			remoteInfo = CodeView;
		};
		D7F23FA5298047140096316B /* PBXContainerItemProxy */ = {
			isa = PBXContainerItemProxy;
			containerPortal = D7F23F7C298047110096316B /* Project object */;
			proxyType = 1;
			remoteGlobalIDString = D7F23F83298047110096316B;
			remoteInfo = CodeView;
		};
/* End PBXContainerItemProxy section */

/* Begin PBXFileReference section */
		D7F23F84298047110096316B /* CodeView.app */ = {isa = PBXFileReference; explicitFileType = wrapper.application; includeInIndex = 0; path = CodeView.app; sourceTree = BUILT_PRODUCTS_DIR; };
		D7F23F87298047110096316B /* AppDelegate.swift */ = {isa = PBXFileReference; lastKnownFileType = sourcecode.swift; path = AppDelegate.swift; sourceTree = "<group>"; };
		D7F23F89298047110096316B /* SceneDelegate.swift */ = {isa = PBXFileReference; lastKnownFileType = sourcecode.swift; path = SceneDelegate.swift; sourceTree = "<group>"; };
		D7F23F8B298047110096316B /* ViewController.swift */ = {isa = PBXFileReference; lastKnownFileType = sourcecode.swift; path = ViewController.swift; sourceTree = "<group>"; };
		D7F23F8E298047110096316B /* Base */ = {isa = PBXFileReference; lastKnownFileType = file.storyboard; name = Base; path = Base.lproj/Main.storyboard; sourceTree = "<group>"; };
		D7F23F90298047130096316B /* Assets.xcassets */ = {isa = PBXFileReference; lastKnownFileType = folder.assetcatalog; path = Assets.xcassets; sourceTree = "<group>"; };
		D7F23F93298047130096316B /* Base */ = {isa = PBXFileReference; lastKnownFileType = file.storyboard; name = Base; path = Base.lproj/LaunchScreen.storyboard; sourceTree = "<group>"; };
		D7F23F95298047130096316B /* Info.plist */ = {isa = PBXFileReference; lastKnownFileType = text.plist.xml; path = Info.plist; sourceTree = "<group>"; };
		D7F23F9A298047130096316B /* CodeViewTests.xctest */ = {isa = PBXFileReference; explicitFileType = wrapper.cfbundle; includeInIndex = 0; path = CodeViewTests.xctest; sourceTree = BUILT_PRODUCTS_DIR; };
		D7F23F9E298047130096316B /* CodeViewTests.swift */ = {isa = PBXFileReference; lastKnownFileType = sourcecode.swift; path = CodeViewTests.swift; sourceTree = "<group>"; };
		D7F23FA4298047140096316B /* CodeViewUITests.xctest */ = {isa = PBXFileReference; explicitFileType = wrapper.cfbundle; includeInIndex = 0; path = CodeViewUITests.xctest; sourceTree = BUILT_PRODUCTS_DIR; };
		D7F23FA8298047140096316B /* CodeViewUITests.swift */ = {isa = PBXFileReference; lastKnownFileType = sourcecode.swift; path = CodeViewUITests.swift; sourceTree = "<group>"; };
		D7F23FAA298047140096316B /* CodeViewUITestsLaunchTests.swift */ = {isa = PBXFileReference; lastKnownFileType = sourcecode.swift; path = CodeViewUITestsLaunchTests.swift; sourceTree = "<group>"; };
/* End PBXFileReference section */

/* Begin PBXFrameworksBuildPhase section */
		D7F23F81298047110096316B /* Frameworks */ = {
			isa = PBXFrameworksBuildPhase;
			buildActionMask = 2147483647;
			files = (
			);
			runOnlyForDeploymentPostprocessing = 0;
		};
		D7F23F97298047130096316B /* Frameworks */ = {
			isa = PBXFrameworksBuildPhase;
			buildActionMask = 2147483647;
			files = (
			);
			runOnlyForDeploymentPostprocessing = 0;
		};
		D7F23FA1298047140096316B /* Frameworks */ = {
			isa = PBXFrameworksBuildPhase;
			buildActionMask = 2147483647;
			files = (
			);
			runOnlyForDeploymentPostprocessing = 0;
		};
/* End PBXFrameworksBuildPhase section */

/* Begin PBXGroup section */
		D7F23F7B298047110096316B = {
			isa = PBXGroup;
			children = (
				D7F23F86298047110096316B /* CodeView */,
				D7F23F9D298047130096316B /* CodeViewTests */,
				D7F23FA7298047140096316B /* CodeViewUITests */,
				D7F23F85298047110096316B /* Products */,
			);
			sourceTree = "<group>";
		};
		D7F23F85298047110096316B /* Products */ = {
			isa = PBXGroup;
			children = (
				D7F23F84298047110096316B /* CodeView.app */,
				D7F23F9A298047130096316B /* CodeViewTests.xctest */,
				D7F23FA4298047140096316B /* CodeViewUITests.xctest */,
			);
			name = Products;
			sourceTree = "<group>";
		};
		D7F23F86298047110096316B /* CodeView */ = {
			isa = PBXGroup;
			children = (
				D7F23F87298047110096316B /* AppDelegate.swift */,
				D7F23F89298047110096316B /* SceneDelegate.swift */,
				D7F23F8B298047110096316B /* ViewController.swift */,
				D7F23F8D298047110096316B /* Main.storyboard */,
				D7F23F90298047130096316B /* Assets.xcassets */,
				D7F23F92298047130096316B /* LaunchScreen.storyboard */,
				D7F23F95298047130096316B /* Info.plist */,
			);
			path = CodeView;
			sourceTree = "<group>";
		};
		D7F23F9D298047130096316B /* CodeViewTests */ = {
			isa = PBXGroup;
			children = (
				D7F23F9E298047130096316B /* CodeViewTests.swift */,
			);
			path = CodeViewTests;
			sourceTree = "<group>";
		};
		D7F23FA7298047140096316B /* CodeViewUITests */ = {
			isa = PBXGroup;
			children = (
				D7F23FA8298047140096316B /* CodeViewUITests.swift */,
				D7F23FAA298047140096316B /* CodeViewUITestsLaunchTests.swift */,
			);
			path = CodeViewUITests;
			sourceTree = "<group>";
		};
/* End PBXGroup section */

/* Begin PBXNativeTarget section */
		D7F23F83298047110096316B /* CodeView */ = {
			isa = PBXNativeTarget;
			buildConfigurationList = D7F23FAE298047140096316B /* Build configuration list for PBXNativeTarget "CodeView" */;
			buildPhases = (
				D7F23F80298047110096316B /* Sources */,
				D7F23F81298047110096316B /* Frameworks */,
				D7F23F82298047110096316B /* Resources */,
			);
			buildRules = (
			);
			dependencies = (
			);
			name = CodeView;
			productName = CodeView;
			productReference = D7F23F84298047110096316B /* CodeView.app */;
			productType = "com.apple.product-type.application";
		};
		D7F23F99298047130096316B /* CodeViewTests */ = {
			isa = PBXNativeTarget;
			buildConfigurationList = D7F23FB1298047140096316B /* Build configuration list for PBXNativeTarget "CodeViewTests" */;
			buildPhases = (
				D7F23F96298047130096316B /* Sources */,
				D7F23F97298047130096316B /* Frameworks */,
				D7F23F98298047130096316B /* Resources */,
			);
			buildRules = (
			);
			dependencies = (
				D7F23F9C298047130096316B /* PBXTargetDependency */,
			);
			name = CodeViewTests;
			productName = CodeViewTests;
			productReference = D7F23F9A298047130096316B /* CodeViewTests.xctest */;
			productType = "com.apple.product-type.bundle.unit-test";
		};
		D7F23FA3298047140096316B /* CodeViewUITests */ = {
			isa = PBXNativeTarget;
			buildConfigurationList = D7F23FB4298047140096316B /* Build configuration list for PBXNativeTarget "CodeViewUITests" */;
			buildPhases = (
				D7F23FA0298047140096316B /* Sources */,
				D7F23FA1298047140096316B /* Frameworks */,
				D7F23FA2298047140096316B /* Resources */,
			);
			buildRules = (
			);
			dependencies = (
				D7F23FA6298047140096316B /* PBXTargetDependency */,
			);
			name = CodeViewUITests;
			productName = CodeViewUITests;
			productReference = D7F23FA4298047140096316B /* CodeViewUITests.xctest */;
			productType = "com.apple.product-type.bundle.ui-testing";
		};
/* End PBXNativeTarget section */

/* Begin PBXProject section */
		D7F23F7C298047110096316B /* Project object */ = {
			isa = PBXProject;
			attributes = {
				BuildIndependentTargetsInParallel = 1;
				LastSwiftUpdateCheck = 1420;
				LastUpgradeCheck = 1420;
				TargetAttributes = {
					D7F23F83298047110096316B = {
						CreatedOnToolsVersion = 14.2;
					};
					D7F23F99298047130096316B = {
						CreatedOnToolsVersion = 14.2;
						TestTargetID = D7F23F83298047110096316B;
					};
					D7F23FA3298047140096316B = {
						CreatedOnToolsVersion = 14.2;
						TestTargetID = D7F23F83298047110096316B;
					};
				};
			};
			buildConfigurationList = D7F23F7F298047110096316B /* Build configuration list for PBXProject "CodeView" */;
			compatibilityVersion = "Xcode 14.0";
			developmentRegion = en;
			hasScannedForEncodings = 0;
			knownRegions = (
				en,
				Base,
			);
			mainGroup = D7F23F7B298047110096316B;
			productRefGroup = D7F23F85298047110096316B /* Products */;
			projectDirPath = "";
			projectRoot = "";
			targets = (
				D7F23F83298047110096316B /* CodeView */,
				D7F23F99298047130096316B /* CodeViewTests */,
				D7F23FA3298047140096316B /* CodeViewUITests */,
			);
		};
/* End PBXProject section */

/* Begin PBXResourcesBuildPhase section */
		D7F23F82298047110096316B /* Resources */ = {
			isa = PBXResourcesBuildPhase;
			buildActionMask = 2147483647;
			files = (
				D7F23F94298047130096316B /* LaunchScreen.storyboard in Resources */,
				D7F23F91298047130096316B /* Assets.xcassets in Resources */,
				D7F23F8F298047110096316B /* Main.storyboard in Resources */,
			);
			runOnlyForDeploymentPostprocessing = 0;
		};
		D7F23F98298047130096316B /* Resources */ = {
			isa = PBXResourcesBuildPhase;
			buildActionMask = 2147483647;
			files = (
			);
			runOnlyForDeploymentPostprocessing = 0;
		};
		D7F23FA2298047140096316B /* Resources */ = {
			isa = PBXResourcesBuildPhase;
			buildActionMask = 2147483647;
			files = (
			);
			runOnlyForDeploymentPostprocessing = 0;
		};
/* End PBXResourcesBuildPhase section */

/* Begin PBXSourcesBuildPhase section */
		D7F23F80298047110096316B /* Sources */ = {
			isa = PBXSourcesBuildPhase;
			buildActionMask = 2147483647;
			files = (
				D7F23F8C298047110096316B /* ViewController.swift in Sources */,
				D7F23F88298047110096316B /* AppDelegate.swift in Sources */,
				D7F23F8A298047110096316B /* SceneDelegate.swift in Sources */,
			);
			runOnlyForDeploymentPostprocessing = 0;
		};
		D7F23F96298047130096316B /* Sources */ = {
			isa = PBXSourcesBuildPhase;
			buildActionMask = 2147483647;
			files = (
				D7F23F9F298047130096316B /* CodeViewTests.swift in Sources */,
			);
			runOnlyForDeploymentPostprocessing = 0;
		};
		D7F23FA0298047140096316B /* Sources */ = {
			isa = PBXSourcesBuildPhase;
			buildActionMask = 2147483647;
			files = (
				D7F23FAB298047140096316B /* CodeViewUITestsLaunchTests.swift in Sources */,
				D7F23FA9298047140096316B /* CodeViewUITests.swift in Sources */,
			);
			runOnlyForDeploymentPostprocessing = 0;
		};
/* End PBXSourcesBuildPhase section */

/* Begin PBXTargetDependency section */
		D7F23F9C298047130096316B /* PBXTargetDependency */ = {
			isa = PBXTargetDependency;
			target = D7F23F83298047110096316B /* CodeView */;
			targetProxy = D7F23F9B298047130096316B /* PBXContainerItemProxy */;
		};
		D7F23FA6298047140096316B /* PBXTargetDependency */ = {
			isa = PBXTargetDependency;
			target = D7F23F83298047110096316B /* CodeView */;
			targetProxy = D7F23FA5298047140096316B /* PBXContainerItemProxy */;
		};
/* End PBXTargetDependency section */

/* Begin PBXVariantGroup section */
		D7F23F8D298047110096316B /* Main.storyboard */ = {
			isa = PBXVariantGroup;
			children = (
				D7F23F8E298047110096316B /* Base */,
			);
			name = Main.storyboard;
			sourceTree = "<group>";
		};
		D7F23F92298047130096316B /* LaunchScreen.storyboard */ = {
			isa = PBXVariantGroup;
			children = (
				D7F23F93298047130096316B /* Base */,
			);
			name = LaunchScreen.storyboard;
			sourceTree = "<group>";
		};
/* End PBXVariantGroup section */

/* Begin XCBuildConfiguration section */
		D7F23FAC298047140096316B /* Debug */ = {
			isa = XCBuildConfiguration;
			buildSettings = {
				ALWAYS_SEARCH_USER_PATHS = NO;
				CLANG_ANALYZER_NONNULL = YES;
				CLANG_ANALYZER_NUMBER_OBJECT_CONVERSION = YES_AGGRESSIVE;
				CLANG_CXX_LANGUAGE_STANDARD = "gnu++20";
				CLANG_ENABLE_MODULES = YES;
				CLANG_ENABLE_OBJC_ARC = YES;
				CLANG_ENABLE_OBJC_WEAK = YES;
				CLANG_WARN_BLOCK_CAPTURE_AUTORELEASING = YES;
				CLANG_WARN_BOOL_CONVERSION = YES;
				CLANG_WARN_COMMA = YES;
				CLANG_WARN_CONSTANT_CONVERSION = YES;
				CLANG_WARN_DEPRECATED_OBJC_IMPLEMENTATIONS = YES;
				CLANG_WARN_DIRECT_OBJC_ISA_USAGE = YES_ERROR;
				CLANG_WARN_DOCUMENTATION_COMMENTS = YES;
				CLANG_WARN_EMPTY_BODY = YES;
				CLANG_WARN_ENUM_CONVERSION = YES;
				CLANG_WARN_INFINITE_RECURSION = YES;
				CLANG_WARN_INT_CONVERSION = YES;
				CLANG_WARN_NON_LITERAL_NULL_CONVERSION = YES;
				CLANG_WARN_OBJC_IMPLICIT_RETAIN_SELF = YES;
				CLANG_WARN_OBJC_LITERAL_CONVERSION = YES;
				CLANG_WARN_OBJC_ROOT_CLASS = YES_ERROR;
				CLANG_WARN_QUOTED_INCLUDE_IN_FRAMEWORK_HEADER = YES;
				CLANG_WARN_RANGE_LOOP_ANALYSIS = YES;
				CLANG_WARN_STRICT_PROTOTYPES = YES;
				CLANG_WARN_SUSPICIOUS_MOVE = YES;
				CLANG_WARN_UNGUARDED_AVAILABILITY = YES_AGGRESSIVE;
				CLANG_WARN_UNREACHABLE_CODE = YES;
				CLANG_WARN__DUPLICATE_METHOD_MATCH = YES;
				COPY_PHASE_STRIP = NO;
				DEBUG_INFORMATION_FORMAT = dwarf;
				ENABLE_STRICT_OBJC_MSGSEND = YES;
				ENABLE_TESTABILITY = YES;
				GCC_C_LANGUAGE_STANDARD = gnu11;
				GCC_DYNAMIC_NO_PIC = NO;
				GCC_NO_COMMON_BLOCKS = YES;
				GCC_OPTIMIZATION_LEVEL = 0;
				GCC_PREPROCESSOR_DEFINITIONS = (
					"DEBUG=1",
					"$(inherited)",
				);
				GCC_WARN_64_TO_32_BIT_CONVERSION = YES;
				GCC_WARN_ABOUT_RETURN_TYPE = YES_ERROR;
				GCC_WARN_UNDECLARED_SELECTOR = YES;
				GCC_WARN_UNINITIALIZED_AUTOS = YES_AGGRESSIVE;
				GCC_WARN_UNUSED_FUNCTION = YES;
				GCC_WARN_UNUSED_VARIABLE = YES;
				IPHONEOS_DEPLOYMENT_TARGET = 16.2;
				MTL_ENABLE_DEBUG_INFO = INCLUDE_SOURCE;
				MTL_FAST_MATH = YES;
				ONLY_ACTIVE_ARCH = YES;
				SDKROOT = iphoneos;
				SWIFT_ACTIVE_COMPILATION_CONDITIONS = DEBUG;
				SWIFT_OPTIMIZATION_LEVEL = "-Onone";
			};
			name = Debug;
		};
		D7F23FAD298047140096316B /* Release */ = {
			isa = XCBuildConfiguration;
			buildSettings = {
				ALWAYS_SEARCH_USER_PATHS = NO;
				CLANG_ANALYZER_NONNULL = YES;
				CLANG_ANALYZER_NUMBER_OBJECT_CONVERSION = YES_AGGRESSIVE;
				CLANG_CXX_LANGUAGE_STANDARD = "gnu++20";
				CLANG_ENABLE_MODULES = YES;
				CLANG_ENABLE_OBJC_ARC = YES;
				CLANG_ENABLE_OBJC_WEAK = YES;
				CLANG_WARN_BLOCK_CAPTURE_AUTORELEASING = YES;
				CLANG_WARN_BOOL_CONVERSION = YES;
				CLANG_WARN_COMMA = YES;
				CLANG_WARN_CONSTANT_CONVERSION = YES;
				CLANG_WARN_DEPRECATED_OBJC_IMPLEMENTATIONS = YES;
				CLANG_WARN_DIRECT_OBJC_ISA_USAGE = YES_ERROR;
				CLANG_WARN_DOCUMENTATION_COMMENTS = YES;
				CLANG_WARN_EMPTY_BODY = YES;
				CLANG_WARN_ENUM_CONVERSION = YES;
				CLANG_WARN_INFINITE_RECURSION = YES;
				CLANG_WARN_INT_CONVERSION = YES;
				CLANG_WARN_NON_LITERAL_NULL_CONVERSION = YES;
				CLANG_WARN_OBJC_IMPLICIT_RETAIN_SELF = YES;
				CLANG_WARN_OBJC_LITERAL_CONVERSION = YES;
				CLANG_WARN_OBJC_ROOT_CLASS = YES_ERROR;
				CLANG_WARN_QUOTED_INCLUDE_IN_FRAMEWORK_HEADER = YES;
				CLANG_WARN_RANGE_LOOP_ANALYSIS = YES;
				CLANG_WARN_STRICT_PROTOTYPES = YES;
				CLANG_WARN_SUSPICIOUS_MOVE = YES;
				CLANG_WARN_UNGUARDED_AVAILABILITY = YES_AGGRESSIVE;
				CLANG_WARN_UNREACHABLE_CODE = YES;
				CLANG_WARN__DUPLICATE_METHOD_MATCH = YES;
				COPY_PHASE_STRIP = NO;
				DEBUG_INFORMATION_FORMAT = "dwarf-with-dsym";
				ENABLE_NS_ASSERTIONS = NO;
				ENABLE_STRICT_OBJC_MSGSEND = YES;
				GCC_C_LANGUAGE_STANDARD = gnu11;
				GCC_NO_COMMON_BLOCKS = YES;
				GCC_WARN_64_TO_32_BIT_CONVERSION = YES;
				GCC_WARN_ABOUT_RETURN_TYPE = YES_ERROR;
				GCC_WARN_UNDECLARED_SELECTOR = YES;
				GCC_WARN_UNINITIALIZED_AUTOS = YES_AGGRESSIVE;
				GCC_WARN_UNUSED_FUNCTION = YES;
				GCC_WARN_UNUSED_VARIABLE = YES;
				IPHONEOS_DEPLOYMENT_TARGET = 16.2;
				MTL_ENABLE_DEBUG_INFO = NO;
				MTL_FAST_MATH = YES;
				SDKROOT = iphoneos;
				SWIFT_COMPILATION_MODE = wholemodule;
				SWIFT_OPTIMIZATION_LEVEL = "-O";
				VALIDATE_PRODUCT = YES;
			};
			name = Release;
		};
		D7F23FAF298047140096316B /* Debug */ = {
			isa = XCBuildConfiguration;
			buildSettings = {
				ASSETCATALOG_COMPILER_APPICON_NAME = AppIcon;
				ASSETCATALOG_COMPILER_GLOBAL_ACCENT_COLOR_NAME = AccentColor;
				CODE_SIGN_STYLE = Automatic;
				CURRENT_PROJECT_VERSION = 1;
				DEVELOPMENT_TEAM = 2K45S7DZM8;
				GENERATE_INFOPLIST_FILE = YES;
				INFOPLIST_FILE = CodeView/Info.plist;
				INFOPLIST_KEY_UIApplicationSupportsIndirectInputEvents = YES;
				INFOPLIST_KEY_UILaunchStoryboardName = LaunchScreen;
				INFOPLIST_KEY_UIMainStoryboardFile = Main;
				INFOPLIST_KEY_UISupportedInterfaceOrientations_iPad = "UIInterfaceOrientationPortrait UIInterfaceOrientationPortraitUpsideDown UIInterfaceOrientationLandscapeLeft UIInterfaceOrientationLandscapeRight";
				INFOPLIST_KEY_UISupportedInterfaceOrientations_iPhone = "UIInterfaceOrientationPortrait UIInterfaceOrientationLandscapeLeft UIInterfaceOrientationLandscapeRight";
				LD_RUNPATH_SEARCH_PATHS = (
					"$(inherited)",
					"@executable_path/Frameworks",
				);
				MARKETING_VERSION = 1.0;
				PRODUCT_BUNDLE_IDENTIFIER = com.carlospacheco.CodeView;
				PRODUCT_NAME = "$(TARGET_NAME)";
				SWIFT_EMIT_LOC_STRINGS = YES;
				SWIFT_VERSION = 5.0;
				TARGETED_DEVICE_FAMILY = "1,2";
			};
			name = Debug;
		};
		D7F23FB0298047140096316B /* Release */ = {
			isa = XCBuildConfiguration;
			buildSettings = {
				ASSETCATALOG_COMPILER_APPICON_NAME = AppIcon;
				ASSETCATALOG_COMPILER_GLOBAL_ACCENT_COLOR_NAME = AccentColor;
				CODE_SIGN_STYLE = Automatic;
				CURRENT_PROJECT_VERSION = 1;
				DEVELOPMENT_TEAM = 2K45S7DZM8;
				GENERATE_INFOPLIST_FILE = YES;
				INFOPLIST_FILE = CodeView/Info.plist;
				INFOPLIST_KEY_UIApplicationSupportsIndirectInputEvents = YES;
				INFOPLIST_KEY_UILaunchStoryboardName = LaunchScreen;
				INFOPLIST_KEY_UIMainStoryboardFile = Main;
				INFOPLIST_KEY_UISupportedInterfaceOrientations_iPad = "UIInterfaceOrientationPortrait UIInterfaceOrientationPortraitUpsideDown UIInterfaceOrientationLandscapeLeft UIInterfaceOrientationLandscapeRight";
				INFOPLIST_KEY_UISupportedInterfaceOrientations_iPhone = "UIInterfaceOrientationPortrait UIInterfaceOrientationLandscapeLeft UIInterfaceOrientationLandscapeRight";
				LD_RUNPATH_SEARCH_PATHS = (
					"$(inherited)",
					"@executable_path/Frameworks",
				);
				MARKETING_VERSION = 1.0;
				PRODUCT_BUNDLE_IDENTIFIER = com.carlospacheco.CodeView;
				PRODUCT_NAME = "$(TARGET_NAME)";
				SWIFT_EMIT_LOC_STRINGS = YES;
				SWIFT_VERSION = 5.0;
				TARGETED_DEVICE_FAMILY = "1,2";
			};
			name = Release;
		};
		D7F23FB2298047140096316B /* Debug */ = {
			isa = XCBuildConfiguration;
			buildSettings = {
				ALWAYS_EMBED_SWIFT_STANDARD_LIBRARIES = YES;
				BUNDLE_LOADER = "$(TEST_HOST)";
				CODE_SIGN_STYLE = Automatic;
				CURRENT_PROJECT_VERSION = 1;
				DEVELOPMENT_TEAM = 2K45S7DZM8;
				GENERATE_INFOPLIST_FILE = YES;
				IPHONEOS_DEPLOYMENT_TARGET = 16.2;
				MARKETING_VERSION = 1.0;
				PRODUCT_BUNDLE_IDENTIFIER = com.carlospacheco.CodeViewTests;
				PRODUCT_NAME = "$(TARGET_NAME)";
				SWIFT_EMIT_LOC_STRINGS = NO;
				SWIFT_VERSION = 5.0;
				TARGETED_DEVICE_FAMILY = "1,2";
				TEST_HOST = "$(BUILT_PRODUCTS_DIR)/CodeView.app/$(BUNDLE_EXECUTABLE_FOLDER_PATH)/CodeView";
			};
			name = Debug;
		};
		D7F23FB3298047140096316B /* Release */ = {
			isa = XCBuildConfiguration;
			buildSettings = {
				ALWAYS_EMBED_SWIFT_STANDARD_LIBRARIES = YES;
				BUNDLE_LOADER = "$(TEST_HOST)";
				CODE_SIGN_STYLE = Automatic;
				CURRENT_PROJECT_VERSION = 1;
				DEVELOPMENT_TEAM = 2K45S7DZM8;
				GENERATE_INFOPLIST_FILE = YES;
				IPHONEOS_DEPLOYMENT_TARGET = 16.2;
				MARKETING_VERSION = 1.0;
				PRODUCT_BUNDLE_IDENTIFIER = com.carlospacheco.CodeViewTests;
				PRODUCT_NAME = "$(TARGET_NAME)";
				SWIFT_EMIT_LOC_STRINGS = NO;
				SWIFT_VERSION = 5.0;
				TARGETED_DEVICE_FAMILY = "1,2";
				TEST_HOST = "$(BUILT_PRODUCTS_DIR)/CodeView.app/$(BUNDLE_EXECUTABLE_FOLDER_PATH)/CodeView";
			};
			name = Release;
		};
		D7F23FB5298047140096316B /* Debug */ = {
			isa = XCBuildConfiguration;
			buildSettings = {
				ALWAYS_EMBED_SWIFT_STANDARD_LIBRARIES = YES;
				CODE_SIGN_STYLE = Automatic;
				CURRENT_PROJECT_VERSION = 1;
				DEVELOPMENT_TEAM = 2K45S7DZM8;
				GENERATE_INFOPLIST_FILE = YES;
				MARKETING_VERSION = 1.0;
				PRODUCT_BUNDLE_IDENTIFIER = com.carlospacheco.CodeViewUITests;
				PRODUCT_NAME = "$(TARGET_NAME)";
				SWIFT_EMIT_LOC_STRINGS = NO;
				SWIFT_VERSION = 5.0;
				TARGETED_DEVICE_FAMILY = "1,2";
				TEST_TARGET_NAME = CodeView;
			};
			name = Debug;
		};
		D7F23FB6298047140096316B /* Release */ = {
			isa = XCBuildConfiguration;
			buildSettings = {
				ALWAYS_EMBED_SWIFT_STANDARD_LIBRARIES = YES;
				CODE_SIGN_STYLE = Automatic;
				CURRENT_PROJECT_VERSION = 1;
				DEVELOPMENT_TEAM = 2K45S7DZM8;
				GENERATE_INFOPLIST_FILE = YES;
				MARKETING_VERSION = 1.0;
				PRODUCT_BUNDLE_IDENTIFIER = com.carlospacheco.CodeViewUITests;
				PRODUCT_NAME = "$(TARGET_NAME)";
				SWIFT_EMIT_LOC_STRINGS = NO;
				SWIFT_VERSION = 5.0;
				TARGETED_DEVICE_FAMILY = "1,2";
				TEST_TARGET_NAME = CodeView;
			};
			name = Release;
		};
/* End XCBuildConfiguration section */

/* Begin XCConfigurationList section */
		D7F23F7F298047110096316B /* Build configuration list for PBXProject "CodeView" */ = {
			isa = XCConfigurationList;
			buildConfigurations = (
				D7F23FAC298047140096316B /* Debug */,
				D7F23FAD298047140096316B /* Release */,
			);
			defaultConfigurationIsVisible = 0;
			defaultConfigurationName = Release;
		};
		D7F23FAE298047140096316B /* Build configuration list for PBXNativeTarget "CodeView" */ = {
			isa = XCConfigurationList;
			buildConfigurations = (
				D7F23FAF298047140096316B /* Debug */,
				D7F23FB0298047140096316B /* Release */,
			);
			defaultConfigurationIsVisible = 0;
			defaultConfigurationName = Release;
		};
		D7F23FB1298047140096316B /* Build configuration list for PBXNativeTarget "CodeViewTests" */ = {
			isa = XCConfigurationList;
			buildConfigurations = (
				D7F23FB2298047140096316B /* Debug */,
				D7F23FB3298047140096316B /* Release */,
			);
			defaultConfigurationIsVisible = 0;
			defaultConfigurationName = Release;
		};
		D7F23FB4298047140096316B /* Build configuration list for PBXNativeTarget "CodeViewUITests" */ = {
			isa = XCConfigurationList;
			buildConfigurations = (
				D7F23FB5298047140096316B /* Debug */,
				D7F23FB6298047140096316B /* Release */,
			);
			defaultConfigurationIsVisible = 0;
			defaultConfigurationName = Release;
		};
/* End XCConfigurationList section */
	};
	rootObject = D7F23F7C298047110096316B /* Project object */;
}
